
Microsoft Visual Studio Solution File, Format Version 12.00
# Visual Studio Version 17
VisualStudioVersion = 17.10.35004.147
MinimumVisualStudioVersion = 10.0.40219.1
Project("{9A19103F-16F7-4668-BE54-9A1E7A4F7556}") = "PTMKTests", "PTMKTests\PTMKTests.csproj", "{56E5CFF1-F636-4057-B72A-1479DB81F432}"
EndProject
Project("{9A19103F-16F7-4668-BE54-9A1E7A4F7556}") = "PTMKTestWork", "PMTKTestWork\PTMKTestWork.csproj", "{A68385B4-5F54-4A26-ACDF-58B1106F6964}"
EndProject
Global
	GlobalSection(SolutionConfigurationPlatforms) = preSolution
		Debug|Any CPU = Debug|Any CPU
		Release|Any CPU = Release|Any CPU
	EndGlobalSection
	GlobalSection(ProjectConfigurationPlatforms) = postSolution
		{56E5CFF1-F636-4057-B72A-1479DB81F432}.Debug|Any CPU.ActiveCfg = Debug|Any CPU
		{56E5CFF1-F636-4057-B72A-1479DB81F432}.Debug|Any CPU.Build.0 = Debug|Any CPU
		{56E5CFF1-F636-4057-B72A-1479DB81F432}.Release|Any CPU.ActiveCfg = Release|Any CPU
		{56E5CFF1-F636-4057-B72A-1479DB81F432}.Release|Any CPU.Build.0 = Release|Any CPU
		{A68385B4-5F54-4A26-ACDF-58B1106F6964}.Debug|Any CPU.ActiveCfg = Debug|Any CPU
		{A68385B4-5F54-4A26-ACDF-58B1106F6964}.Debug|Any CPU.Build.0 = Debug|Any CPU
		{A68385B4-5F54-4A26-ACDF-58B1106F6964}.Release|Any CPU.ActiveCfg = Release|Any CPU
		{A68385B4-5F54-4A26-ACDF-58B1106F6964}.Release|Any CPU.Build.0 = Release|Any CPU
	EndGlobalSection
	GlobalSection(SolutionProperties) = preSolution
		HideSolutionNode = FALSE
	EndGlobalSection
	GlobalSection(ExtensibilityGlobals) = postSolution
		SolutionGuid = {4BF61014-3D7E-4AD2-9AEC-A2D5E730DDCB}
	EndGlobalSection
EndGlobal
